
Microsoft Visual Studio Solution File, Format Version 12.00
# Visual Studio Version 16
VisualStudioVersion = 16.0.31605.320
MinimumVisualStudioVersion = 10.0.40219.1
Project("{FAE04EC0-301F-11D3-BF4B-00C04F79EFBC}") = "EFCore", "EFCore\EFCore.csproj", "{87448A83-4617-474C-8CEE-BEB6A339D8E7}"
EndProject
Global
	GlobalSection(SolutionConfigurationPlatforms) = preSolution
		Debug|Any CPU = Debug|Any CPU
		Release|Any CPU = Release|Any CPU
	EndGlobalSection
	GlobalSection(ProjectConfigurationPlatforms) = postSolution
		{87448A83-4617-474C-8CEE-BEB6A339D8E7}.Debug|Any CPU.ActiveCfg = Debug|Any CPU
		{87448A83-4617-474C-8CEE-BEB6A339D8E7}.Debug|Any CPU.Build.0 = Debug|Any CPU
		{87448A83-4617-474C-8CEE-BEB6A339D8E7}.Release|Any CPU.ActiveCfg = Release|Any CPU
		{87448A83-4617-474C-8CEE-BEB6A339D8E7}.Release|Any CPU.Build.0 = Release|Any CPU
	EndGlobalSection
	GlobalSection(SolutionProperties) = preSolution
		HideSolutionNode = FALSE
	EndGlobalSection
	GlobalSection(ExtensibilityGlobals) = postSolution
		SolutionGuid = {7F5936CC-990C-4E8E-8593-B0B052F9ED1C}
	EndGlobalSection
EndGlobal
